
Microsoft Visual Studio Solution File, Format Version 12.00
# Visual Studio Version 17
VisualStudioVersion = 17.1.32210.238
MinimumVisualStudioVersion = 10.0.40219.1
Project("{9A19103F-16F7-4668-BE54-9A1E7A4F7556}") = "GeometricFigures", "GeometricFigures\GeometricFigures.csproj", "{E6039252-7B83-4A61-885E-67E242DF05AA}"
EndProject
Project("{FAE04EC0-301F-11D3-BF4B-00C04F79EFBC}") = "GeometricFigures.Test", "GeometricFigures.Test\GeometricFigures.Test.csproj", "{B709D50B-BA09-41AD-94C0-690F972B3EE8}"
EndProject
Global
	GlobalSection(SolutionConfigurationPlatforms) = preSolution
		Debug|Any CPU = Debug|Any CPU
		Release|Any CPU = Release|Any CPU
	EndGlobalSection
	GlobalSection(ProjectConfigurationPlatforms) = postSolution
		{E6039252-7B83-4A61-885E-67E242DF05AA}.Debug|Any CPU.ActiveCfg = Debug|Any CPU
		{E6039252-7B83-4A61-885E-67E242DF05AA}.Debug|Any CPU.Build.0 = Debug|Any CPU
		{E6039252-7B83-4A61-885E-67E242DF05AA}.Release|Any CPU.ActiveCfg = Release|Any CPU
		{E6039252-7B83-4A61-885E-67E242DF05AA}.Release|Any CPU.Build.0 = Release|Any CPU
		{B709D50B-BA09-41AD-94C0-690F972B3EE8}.Debug|Any CPU.ActiveCfg = Debug|Any CPU
		{B709D50B-BA09-41AD-94C0-690F972B3EE8}.Debug|Any CPU.Build.0 = Debug|Any CPU
		{B709D50B-BA09-41AD-94C0-690F972B3EE8}.Release|Any CPU.ActiveCfg = Release|Any CPU
		{B709D50B-BA09-41AD-94C0-690F972B3EE8}.Release|Any CPU.Build.0 = Release|Any CPU
	EndGlobalSection
	GlobalSection(SolutionProperties) = preSolution
		HideSolutionNode = FALSE
	EndGlobalSection
	GlobalSection(ExtensibilityGlobals) = postSolution
		SolutionGuid = {4DFE1043-D0A3-4487-A90B-59FE1C70A681}
	EndGlobalSection
EndGlobal
